// !$*UTF8*$!
{
	archiveVersion = 1;
	classes = {
	};
	objectVersion = 46;
	objects = {

/* Begin PBXFileReference section */
		7508E3C818F6E08500C4B32F /* README.md */ = {isa = PBXFileReference; fileEncoding = 4; lastKnownFileType = text; path = README.md; sourceTree = "<group>"; };
/* End PBXFileReference section */

/* Begin PBXGroup section */
		75FF571618F4929000DA9DE7 = {
			isa = PBXGroup;
			children = (
				7508E3C818F6E08500C4B32F /* README.md */,
			);
			sourceTree = "<group>";
		};
/* End PBXGroup section */

/* Begin PBXNativeTarget section */
		75E8248218F49415009F6028 /* Framework */ = {
			isa = PBXNativeTarget;
			buildConfigurationList = 75E8248318F49415009F6028 /* Build configuration list for PBXNativeTarget "Framework" */;
			buildPhases = (
				75E8248618F4941B009F6028 /* ShellScript */,
			);
			buildRules = (
			);
			dependencies = (
			);
			name = Framework;
			productName = Framework;
			productType = "com.apple.product-type.bundle";
		};
/* End PBXNativeTarget section */

/* Begin PBXProject section */
		75FF571718F4929000DA9DE7 /* Project object */ = {
			isa = PBXProject;
			attributes = {
				LastUpgradeCheck = 0510;
			};
			buildConfigurationList = 75FF571A18F4929000DA9DE7 /* Build configuration list for PBXProject "Arca" */;
			compatibilityVersion = "Xcode 3.2";
			developmentRegion = English;
			hasScannedForEncodings = 0;
			knownRegions = (
				en,
			);
			mainGroup = 75FF571618F4929000DA9DE7;
			projectDirPath = "";
			projectRoot = "";
			targets = (
				75E8248218F49415009F6028 /* Framework */,
			);
		};
/* End PBXProject section */

/* Begin PBXShellScriptBuildPhase section */
		75E8248618F4941B009F6028 /* ShellScript */ = {
			isa = PBXShellScriptBuildPhase;
			buildActionMask = 2147483647;
			files = (
			);
			inputPaths = (
			);
			outputPaths = (
			);
			runOnlyForDeploymentPostprocessing = 0;
			shellPath = /bin/sh;
			shellScript = "";
		};
/* End PBXShellScriptBuildPhase section */

/* Begin XCBuildConfiguration section */
		75E8248418F49415009F6028 /* Debug */ = {
			isa = XCBuildConfiguration;
			buildSettings = {
				PRODUCT_NAME = "$(TARGET_NAME)";
				SDKROOT = iphoneos;
			};
			name = Debug;
		};
		75E8248518F49415009F6028 /* Release */ = {
			isa = XCBuildConfiguration;
			buildSettings = {
				PRODUCT_NAME = "$(TARGET_NAME)";
				SDKROOT = iphoneos;
			};
			name = Release;
		};
		75FF571B18F4929000DA9DE7 /* Debug */ = {
			isa = XCBuildConfiguration;
			buildSettings = {
				SDKROOT = iphoneos;
			};
			name = Debug;
		};
		75FF571C18F4929000DA9DE7 /* Release */ = {
			isa = XCBuildConfiguration;
			buildSettings = {
				SDKROOT = iphoneos;
			};
			name = Release;
		};
/* End XCBuildConfiguration section */

/* Begin XCConfigurationList section */
		75E8248318F49415009F6028 /* Build configuration list for PBXNativeTarget "Framework" */ = {
			isa = XCConfigurationList;
			buildConfigurations = (
				75E8248418F49415009F6028 /* Debug */,
				75E8248518F49415009F6028 /* Release */,
			);
			defaultConfigurationIsVisible = 0;
			defaultConfigurationName = Release;
		};
		75FF571A18F4929000DA9DE7 /* Build configuration list for PBXProject "Arca" */ = {
			isa = XCConfigurationList;
			buildConfigurations = (
				75FF571B18F4929000DA9DE7 /* Debug */,
				75FF571C18F4929000DA9DE7 /* Release */,
			);
			defaultConfigurationIsVisible = 0;
			defaultConfigurationName = Release;
		};
/* End XCConfigurationList section */
	};
	rootObject = 75FF571718F4929000DA9DE7 /* Project object */;
}
